# THIS IS AN AUTOGENERATED FILE. DO NOT EDIT THIS FILE DIRECTLY.
# yarn lockfile v1


fsevents@~2.1.2:
  version "2.1.3"
  resolved "https://registry.npmjs.org/fsevents/-/fsevents-2.1.3.tgz#fb738703ae8d2f9fe900c33836ddebee8b97f23e"
  integrity sha512-Auw9a4AxqWpa9GUfj370BMPzzyncfBABW8Mab7BGWBYDj4Isgq+cDKtx0i6u9jcX9pQDnswsaaOTgTmA5pEjuQ==

mime@>=2.4.6:
  version "2.4.6"
  resolved "https://registry.npmjs.org/mime/-/mime-2.4.6.tgz#e5b407c90db442f2beb5b162373d07b69affa4d1"
  integrity sha512-RZKhC3EmpBchfTGBVb8fb+RL2cWyw/32lshnsETttkBAyAUXSGHxbEJWWRXc751DrIxG1q04b8QwMbAwkRPpUA==

opener@1:
  version "1.5.2"
  resolved "https://registry.npmjs.org/opener/-/opener-1.5.2.tgz#5d37e1f35077b9dcac4301372271afdeb2a13598"
  integrity sha512-ur5UIdyw5Y7yEj9wLzhqXiy6GZ3Mwx0yGI+5sMn2r0N0v3cKJvUmFH5yPP+WXh9e0xfyzyJX95D8l088DNFj7A==

rollup-plugin-serve@^1.0.3:
  version "1.0.4"
  resolved "https://registry.npmjs.org/rollup-plugin-serve/-/rollup-plugin-serve-1.0.4.tgz#17665974185f9007ecaeb0835c4e89612e04d234"
  integrity sha512-74Gh47+dGKhmy04MIu9deXwn8VGlWsk93HcGIbO+NCdZ9roRXVO7y4l/9MLAAujuYpzsWCopHHZT8/6PSRzGLg==
  dependencies:
    mime ">=2.4.6"
    opener "1"

rollup@^2.26.5:
  version "2.26.8"
  resolved "https://registry.npmjs.org/rollup/-/rollup-2.26.8.tgz#7b02353835a73c4797f42177a5fa3fc074012713"
  integrity sha512-li9WaJYc5z9WzV1jhZbPQCrsOpGNsI+Li1qyrn5n745ZNSnlkRlBtj1Hs+Z0Dc2N1+P7HT34UKAEASqN9Th8cg==
  optionalDependencies:
    fsevents "~2.1.2"
